
Microsoft Visual Studio Solution File, Format Version 12.00
# Visual Studio Version 16
VisualStudioVersion = 16.0.28803.202
MinimumVisualStudioVersion = 10.0.40219.1
Project("{FAE04EC0-301F-11D3-BF4B-00C04F79EFBC}") = "JavaScriptUNO", "JavaScriptUNO\JavaScriptUNO.csproj", "{9B7C4B21-63F3-46AF-84EE-6774DF42ABAF}"
EndProject
Global
	GlobalSection(SolutionConfigurationPlatforms) = preSolution
		Debug|Any CPU = Debug|Any CPU
		Release|Any CPU = Release|Any CPU
	EndGlobalSection
	GlobalSection(ProjectConfigurationPlatforms) = postSolution
		{9B7C4B21-63F3-46AF-84EE-6774DF42ABAF}.Debug|Any CPU.ActiveCfg = Debug|Any CPU
		{9B7C4B21-63F3-46AF-84EE-6774DF42ABAF}.Debug|Any CPU.Build.0 = Debug|Any CPU
		{9B7C4B21-63F3-46AF-84EE-6774DF42ABAF}.Release|Any CPU.ActiveCfg = Release|Any CPU
		{9B7C4B21-63F3-46AF-84EE-6774DF42ABAF}.Release|Any CPU.Build.0 = Release|Any CPU
	EndGlobalSection
	GlobalSection(SolutionProperties) = preSolution
		HideSolutionNode = FALSE
	EndGlobalSection
	GlobalSection(ExtensibilityGlobals) = postSolution
		SolutionGuid = {B1967F53-BDAC-4494-90B6-71F9DF78408B}
	EndGlobalSection
EndGlobal
